// !$*UTF8*$!
{
	archiveVersion = 1;
	classes = {
	};
	objectVersion = 60;
	objects = {

/* Begin PBXBuildFile section */
		1AAPP0000000000100000001 /* RealityBadgeApp.swift in Sources */ = {isa = PBXBuildFile; fileRef = 1AAPPF000000000100000001 /* RealityBadgeApp.swift */; };
		1AAPP0000000000100000002 /* Models.swift in Sources */ = {isa = PBXBuildFile; fileRef = 1AAPPF000000000100000002 /* Models.swift */; };
		1AAPP0000000000100000003 /* HomeView.swift in Sources */ = {isa = PBXBuildFile; fileRef = 1AAPPF000000000100000003 /* HomeView.swift */; };
		1AAPP0000000000100000004 /* CaptureView.swift in Sources */ = {isa = PBXBuildFile; fileRef = 1AAPPF000000000100000004 /* CaptureView.swift */; };
		1AAPP0000000000100000005 /* Sheets.swift in Sources */ = {isa = PBXBuildFile; fileRef = 1AAPPF000000000100000005 /* Sheets.swift */; };
		1AAPP0000000000100000006 /* BadgeWallView.swift in Sources */ = {isa = PBXBuildFile; fileRef = 1AAPPF000000000100000006 /* BadgeWallView.swift */; };
		1AAPP0000000000100000007 /* SettingsView.swift in Sources */ = {isa = PBXBuildFile; fileRef = 1AAPPF000000000100000007 /* SettingsView.swift */; };
		1AAPP0000000000100000008 /* Assets.xcassets in Resources */ = {isa = PBXBuildFile; fileRef = 1AAPPF000000000100000008 /* Assets.xcassets */; };
		CB3D50B62E6D6A7600E6AD97 /* Animations.swift in Sources */ = {isa = PBXBuildFile; fileRef = CB3D50B02E6D6A7600E6AD97 /* Animations.swift */; };
		CB3D50B72E6D6A7600E6AD97 /* SemanticEngine.swift in Sources */ = {isa = PBXBuildFile; fileRef = CB3D50B52E6D6A7600E6AD97 /* SemanticEngine.swift */; };
		CB3D50B82E6D6A7600E6AD97 /* HapticEngine.swift in Sources */ = {isa = PBXBuildFile; fileRef = CB3D50B32E6D6A7600E6AD97 /* HapticEngine.swift */; };
		CB3D50B92E6D6A7600E6AD97 /* Badge3DView.swift in Sources */ = {isa = PBXBuildFile; fileRef = CB3D50B12E6D6A7600E6AD97 /* Badge3DView.swift */; };
		CB3D50BA2E6D6A7600E6AD97 /* ButtonStyles.swift in Sources */ = {isa = PBXBuildFile; fileRef = CB3D50B22E6D6A7600E6AD97 /* ButtonStyles.swift */; };
		CB3D50BB2E6D6A7600E6AD97 /* LiquidGlassEffect.swift in Sources */ = {isa = PBXBuildFile; fileRef = CB3D50B42E6D6A7600E6AD97 /* LiquidGlassEffect.swift */; };
		RB0000010000000000000001 /* BackendServices.swift in Sources */ = {isa = PBXBuildFile; fileRef = RB0000010000000000000002 /* BackendServices.swift */; };
		RB0000010000000000000003 /* DocumentImport.swift in Sources */ = {isa = PBXBuildFile; fileRef = RB0000010000000000000004 /* DocumentImport.swift */; };
		RB0000010000000000000005 /* AppDelegate.swift in Sources */ = {isa = PBXBuildFile; fileRef = RB0000010000000000000006 /* AppDelegate.swift */; };
		RB0000010000000000000007 /* ImageUtils.swift in Sources */ = {isa = PBXBuildFile; fileRef = RB0000010000000000000008 /* ImageUtils.swift */; };
		RB0000010000000000000009 /* feature_flags.json in Resources */ = {isa = PBXBuildFile; fileRef = RB000001000000000000000A /* feature_flags.json */; };
		RB0000010000000000000013 /* PrivacyInfo.xcprivacy in Resources */ = {isa = PBXBuildFile; fileRef = RB0000010000000000000014 /* PrivacyInfo.xcprivacy */; };
		RB0000010000000000000017 /* ServicesAuthPurchase.swift in Sources */ = {isa = PBXBuildFile; fileRef = RB0000010000000000000018 /* ServicesAuthPurchase.swift */; };
		RB000001000000000000000B /* VibrationTransport.swift in Sources */ = {isa = PBXBuildFile; fileRef = RB000001000000000000000C /* VibrationTransport.swift */; };
		RB000001000000000000000D /* Repository.swift in Sources */ = {isa = PBXBuildFile; fileRef = RB000001000000000000000E /* Repository.swift */; };
		RB000001000000000000000F /* Migration.swift in Sources */ = {isa = PBXBuildFile; fileRef = RB0000010000000000000010 /* Migration.swift */; };
		RB0000010000000000000011 /* Rendering.swift in Sources */ = {isa = PBXBuildFile; fileRef = RB0000010000000000000012 /* Rendering.swift */; };
		RB0000010000000000000015 /* Router.swift in Sources */ = {isa = PBXBuildFile; fileRef = RB0000010000000000000016 /* Router.swift */; };
/* End PBXBuildFile section */

/* Begin PBXFileReference section */
		1AAPPF000000000100000001 /* RealityBadgeApp.swift */ = {isa = PBXFileReference; lastKnownFileType = sourcecode.swift; path = RealityBadgeApp.swift; sourceTree = "<group>"; };
		1AAPPF000000000100000002 /* Models.swift */ = {isa = PBXFileReference; lastKnownFileType = sourcecode.swift; path = Models.swift; sourceTree = "<group>"; };
		1AAPPF000000000100000003 /* HomeView.swift */ = {isa = PBXFileReference; lastKnownFileType = sourcecode.swift; path = HomeView.swift; sourceTree = "<group>"; };
		1AAPPF000000000100000004 /* CaptureView.swift */ = {isa = PBXFileReference; lastKnownFileType = sourcecode.swift; path = CaptureView.swift; sourceTree = "<group>"; };
		1AAPPF000000000100000005 /* Sheets.swift */ = {isa = PBXFileReference; lastKnownFileType = sourcecode.swift; path = Sheets.swift; sourceTree = "<group>"; };
		1AAPPF000000000100000006 /* BadgeWallView.swift */ = {isa = PBXFileReference; lastKnownFileType = sourcecode.swift; path = BadgeWallView.swift; sourceTree = "<group>"; };
		1AAPPF000000000100000007 /* SettingsView.swift */ = {isa = PBXFileReference; lastKnownFileType = sourcecode.swift; path = SettingsView.swift; sourceTree = "<group>"; };
		1AAPPF000000000100000008 /* Assets.xcassets */ = {isa = PBXFileReference; lastKnownFileType = folder.assetcatalog; path = Assets.xcassets; sourceTree = "<group>"; };
		1AAPPF000000000100000009 /* Info.plist */ = {isa = PBXFileReference; lastKnownFileType = text.plist.xml; path = Info.plist; sourceTree = "<group>"; };
		1AAPPF00000000010000000A /* RealityBadge.app */ = {isa = PBXFileReference; explicitFileType = wrapper.application; includeInIndex = 0; path = RealityBadge.app; sourceTree = BUILT_PRODUCTS_DIR; };
		CB3D50B02E6D6A7600E6AD97 /* Animations.swift */ = {isa = PBXFileReference; lastKnownFileType = sourcecode.swift; path = Animations.swift; sourceTree = "<group>"; };
		CB3D50B12E6D6A7600E6AD97 /* Badge3DView.swift */ = {isa = PBXFileReference; lastKnownFileType = sourcecode.swift; path = Badge3DView.swift; sourceTree = "<group>"; };
		CB3D50B22E6D6A7600E6AD97 /* ButtonStyles.swift */ = {isa = PBXFileReference; lastKnownFileType = sourcecode.swift; path = ButtonStyles.swift; sourceTree = "<group>"; };
		CB3D50B32E6D6A7600E6AD97 /* HapticEngine.swift */ = {isa = PBXFileReference; lastKnownFileType = sourcecode.swift; path = HapticEngine.swift; sourceTree = "<group>"; };
		CB3D50B42E6D6A7600E6AD97 /* LiquidGlassEffect.swift */ = {isa = PBXFileReference; lastKnownFileType = sourcecode.swift; path = LiquidGlassEffect.swift; sourceTree = "<group>"; };
		CB3D50B52E6D6A7600E6AD97 /* SemanticEngine.swift */ = {isa = PBXFileReference; lastKnownFileType = sourcecode.swift; path = SemanticEngine.swift; sourceTree = "<group>"; };
		RB0000010000000000000002 /* BackendServices.swift */ = {isa = PBXFileReference; lastKnownFileType = sourcecode.swift; path = BackendServices.swift; sourceTree = "<group>"; };
		RB0000010000000000000004 /* DocumentImport.swift */ = {isa = PBXFileReference; lastKnownFileType = sourcecode.swift; path = DocumentImport.swift; sourceTree = "<group>"; };
		RB0000010000000000000006 /* AppDelegate.swift */ = {isa = PBXFileReference; lastKnownFileType = sourcecode.swift; path = AppDelegate.swift; sourceTree = "<group>"; };
		RB0000010000000000000008 /* ImageUtils.swift */ = {isa = PBXFileReference; lastKnownFileType = sourcecode.swift; path = ImageUtils.swift; sourceTree = "<group>"; };
		RB000001000000000000000A /* feature_flags.json */ = {isa = PBXFileReference; lastKnownFileType = text.json; path = feature_flags.json; sourceTree = "<group>"; };
		RB000001000000000000000C /* VibrationTransport.swift */ = {isa = PBXFileReference; lastKnownFileType = sourcecode.swift; path = VibrationTransport.swift; sourceTree = "<group>"; };
		RB000001000000000000000E /* Repository.swift */ = {isa = PBXFileReference; lastKnownFileType = sourcecode.swift; path = Repository.swift; sourceTree = "<group>"; };
		RB0000010000000000000010 /* Migration.swift */ = {isa = PBXFileReference; lastKnownFileType = sourcecode.swift; path = Migration.swift; sourceTree = "<group>"; };
		RB0000010000000000000012 /* Rendering.swift */ = {isa = PBXFileReference; lastKnownFileType = sourcecode.swift; path = Rendering.swift; sourceTree = "<group>"; };
		RB0000010000000000000016 /* Router.swift */ = {isa = PBXFileReference; lastKnownFileType = sourcecode.swift; path = Router.swift; sourceTree = "<group>"; };
		RB0000010000000000000014 /* PrivacyInfo.xcprivacy */ = {isa = PBXFileReference; lastKnownFileType = text.json; path = PrivacyInfo.xcprivacy; sourceTree = "<group>"; };
		RB0000010000000000000018 /* ServicesAuthPurchase.swift */ = {isa = PBXFileReference; lastKnownFileType = sourcecode.swift; path = ServicesAuthPurchase.swift; sourceTree = "<group>"; };
/* End PBXFileReference section */

/* Begin PBXFrameworksBuildPhase section */
		1AAPPFRAMEWORKS /* Frameworks */ = {
			isa = PBXFrameworksBuildPhase;
			buildActionMask = 2147483647;
			files = (
			);
			runOnlyForDeploymentPostprocessing = 0;
		};
/* End PBXFrameworksBuildPhase section */

/* Begin PBXGroup section */
		1AAPPGROUP = {
			isa = PBXGroup;
			children = (
				1AAPPSRC /* RealityBadge */,
				1AAPPPRODUCTS /* Products */,
			);
			sourceTree = "<group>";
		};
		1AAPPPRODUCTS /* Products */ = {
			isa = PBXGroup;
			children = (
				1AAPPF00000000010000000A /* RealityBadge.app */,
			);
			name = Products;
			sourceTree = "<group>";
		};
		1AAPPSRC /* RealityBadge */ = {
			isa = PBXGroup;
			children = (
				RB0000010000000000000006 /* AppDelegate.swift */,
				RB0000010000000000000004 /* DocumentImport.swift */,
				RB0000010000000000000002 /* BackendServices.swift */,
				RB000001000000000000000C /* VibrationTransport.swift */,
				RB000001000000000000000E /* Repository.swift */,
				RB0000010000000000000010 /* Migration.swift */,
				RB0000010000000000000012 /* Rendering.swift */,
				RB0000010000000000000016 /* Router.swift */,
				RB0000010000000000000018 /* ServicesAuthPurchase.swift */,
				RB0000010000000000000014 /* PrivacyInfo.xcprivacy */,
				RB0000010000000000000008 /* ImageUtils.swift */,
				CB3D50B02E6D6A7600E6AD97 /* Animations.swift */,
				CB3D50B12E6D6A7600E6AD97 /* Badge3DView.swift */,
				CB3D50B22E6D6A7600E6AD97 /* ButtonStyles.swift */,
				CB3D50B32E6D6A7600E6AD97 /* HapticEngine.swift */,
				CB3D50B42E6D6A7600E6AD97 /* LiquidGlassEffect.swift */,
				CB3D50B52E6D6A7600E6AD97 /* SemanticEngine.swift */,
				1AAPPF000000000100000001 /* RealityBadgeApp.swift */,
				1AAPPF000000000100000002 /* Models.swift */,
				1AAPPF000000000100000003 /* HomeView.swift */,
				1AAPPF000000000100000004 /* CaptureView.swift */,
				1AAPPF000000000100000005 /* Sheets.swift */,
				1AAPPF000000000100000006 /* BadgeWallView.swift */,
				1AAPPF000000000100000007 /* SettingsView.swift */,
				RB000001000000000000000A /* feature_flags.json */,
				1AAPPF000000000100000008 /* Assets.xcassets */,
				1AAPPF000000000100000009 /* Info.plist */,
			);
			path = RealityBadge;
			sourceTree = "<group>";
		};
/* End PBXGroup section */

/* Begin PBXNativeTarget section */
		1AAPPTARGET /* RealityBadge */ = {
			isa = PBXNativeTarget;
			buildConfigurationList = 1AAPPCONF /* Build configuration list for PBXNativeTarget "RealityBadge" */;
			buildPhases = (
				1AAPPRES /* Resources */,
				1AAPPFRAMEWORKS /* Frameworks */,
				1AAPPSOURCES /* Sources */,
			);
			buildRules = (
			);
			dependencies = (
			);
			name = RealityBadge;
			productName = RealityBadge;
			productReference = 1AAPPF00000000010000000A /* RealityBadge.app */;
			productType = "com.apple.product-type.application";
		};
/* End PBXNativeTarget section */

/* Begin PBXProject section */
		1AAPPPROJECT /* Project object */ = {
			isa = PBXProject;
			attributes = {
				BuildIndependentTargetsInParallel = YES;
				LastSwiftUpdateCheck = 1500;
				LastUpgradeCheck = 1640;
				TargetAttributes = {
					1AAPPTARGET = {
						CreatedOnToolsVersion = 15.0;
					};
				};
			};
			buildConfigurationList = 1AAPPBCONF /* Build configuration list for PBXProject "RealityBadge" */;
			compatibilityVersion = "Xcode 15.0";
			developmentRegion = en;
			hasScannedForEncodings = 0;
			knownRegions = (
				en,
				Base,
			);
			mainGroup = 1AAPPGROUP;
			productRefGroup = 1AAPPPRODUCTS /* Products */;
			projectDirPath = "";
			projectRoot = "";
			targets = (
				1AAPPTARGET /* RealityBadge */,
			);
		};
/* End PBXProject section */

/* Begin PBXResourcesBuildPhase section */
		1AAPPRES /* Resources */ = {
			isa = PBXResourcesBuildPhase;
			buildActionMask = 2147483647;
			files = (
				1AAPP0000000000100000008 /* Assets.xcassets in Resources */,
				RB0000010000000000000009 /* feature_flags.json in Resources */,
				RB0000010000000000000013 /* PrivacyInfo.xcprivacy in Resources */,
			);
			runOnlyForDeploymentPostprocessing = 0;
		};
/* End PBXResourcesBuildPhase section */

/* Begin PBXSourcesBuildPhase section */
		1AAPPSOURCES /* Sources */ = {
			isa = PBXSourcesBuildPhase;
			buildActionMask = 2147483647;
			files = (
				1AAPP0000000000100000001 /* RealityBadgeApp.swift in Sources */,
				1AAPP0000000000100000002 /* Models.swift in Sources */,
				CB3D50B62E6D6A7600E6AD97 /* Animations.swift in Sources */,
				CB3D50B72E6D6A7600E6AD97 /* SemanticEngine.swift in Sources */,
				CB3D50B82E6D6A7600E6AD97 /* HapticEngine.swift in Sources */,
				CB3D50B92E6D6A7600E6AD97 /* Badge3DView.swift in Sources */,
				CB3D50BA2E6D6A7600E6AD97 /* ButtonStyles.swift in Sources */,
				CB3D50BB2E6D6A7600E6AD97 /* LiquidGlassEffect.swift in Sources */,
				RB0000010000000000000007 /* ImageUtils.swift in Sources */,
				RB0000010000000000000005 /* AppDelegate.swift in Sources */,
				RB0000010000000000000003 /* DocumentImport.swift in Sources */,
				RB0000010000000000000001 /* BackendServices.swift in Sources */,
				RB000001000000000000000B /* VibrationTransport.swift in Sources */,
				RB000001000000000000000D /* Repository.swift in Sources */,
				RB000001000000000000000F /* Migration.swift in Sources */,
				RB0000010000000000000011 /* Rendering.swift in Sources */,
				RB0000010000000000000015 /* Router.swift in Sources */,
				RB0000010000000000000017 /* ServicesAuthPurchase.swift in Sources */,
				1AAPP0000000000100000003 /* HomeView.swift in Sources */,
				1AAPP0000000000100000004 /* CaptureView.swift in Sources */,
				1AAPP0000000000100000005 /* Sheets.swift in Sources */,
				1AAPP0000000000100000006 /* BadgeWallView.swift in Sources */,
				1AAPP0000000000100000007 /* SettingsView.swift in Sources */,
			);
			runOnlyForDeploymentPostprocessing = 0;
		};
/* End PBXSourcesBuildPhase section */

/* Begin XCBuildConfiguration section */
		1AAPPBCONFDebug /* Debug */ = {
			isa = XCBuildConfiguration;
			buildSettings = {
				ASSETCATALOG_COMPILER_GENERATE_SWIFT_ASSET_SYMBOL_EXTENSIONS = YES;
				CLANG_ENABLE_MODULES = YES;
				CLANG_ENABLE_OBJC_WEAK = YES;
				CLANG_WARN_BLOCK_CAPTURE_AUTORELEASING = YES;
				CLANG_WARN_BOOL_CONVERSION = YES;
				CLANG_WARN_COMMA = YES;
				CLANG_WARN_CONSTANT_CONVERSION = YES;
				CLANG_WARN_DEPRECATED_OBJC_IMPLEMENTATIONS = YES;
				CLANG_WARN_EMPTY_BODY = YES;
				CLANG_WARN_ENUM_CONVERSION = YES;
				CLANG_WARN_INFINITE_RECURSION = YES;
				CLANG_WARN_INT_CONVERSION = YES;
				CLANG_WARN_NON_LITERAL_NULL_CONVERSION = YES;
				CLANG_WARN_OBJC_IMPLICIT_RETAIN_SELF = YES;
				CLANG_WARN_OBJC_LITERAL_CONVERSION = YES;
				CLANG_WARN_QUOTED_INCLUDE_IN_FRAMEWORK_HEADER = YES;
				CLANG_WARN_RANGE_LOOP_ANALYSIS = YES;
				CLANG_WARN_STRICT_PROTOTYPES = YES;
				CLANG_WARN_SUSPICIOUS_MOVE = YES;
				CLANG_WARN_UNREACHABLE_CODE = YES;
				CLANG_WARN__DUPLICATE_METHOD_MATCH = YES;
				CODE_SIGN_IDENTITY = "Apple Development";
				CODE_SIGN_STYLE = Automatic;
				DEAD_CODE_STRIPPING = YES;
				DEVELOPMENT_TEAM = M4T239BM58;
				ENABLE_HARDENED_RUNTIME = YES;
				ENABLE_STRICT_OBJC_MSGSEND = YES;
				ENABLE_TESTABILITY = YES;
				ENABLE_USER_SCRIPT_SANDBOXING = YES;
				GCC_NO_COMMON_BLOCKS = YES;
				GCC_WARN_64_TO_32_BIT_CONVERSION = YES;
				GCC_WARN_ABOUT_RETURN_TYPE = YES;
				GCC_WARN_UNDECLARED_SELECTOR = YES;
				GCC_WARN_UNINITIALIZED_AUTOS = YES;
				GCC_WARN_UNUSED_FUNCTION = YES;
				GCC_WARN_UNUSED_VARIABLE = YES;
				GENERATE_INFOPLIST_FILE = NO;
				INFOPLIST_FILE = RealityBadge/Info.plist;
				IPHONEOS_DEPLOYMENT_TARGET = 17.0;
				LD_RUNPATH_SEARCH_PATHS = (
					"$(inherited)",
					"@executable_path/Frameworks",
				);
				ONLY_ACTIVE_ARCH = YES;
				PRODUCT_BUNDLE_IDENTIFIER = com.example.RealityBadge;
				PRODUCT_NAME = RealityBadge;
				PROVISIONING_PROFILE_SPECIFIER = "";
				SDKROOT = iphoneos;
				SUPPORTED_PLATFORMS = "iphoneos iphonesimulator";
				SWIFT_EMIT_LOC_STRINGS = YES;
				SWIFT_VERSION = 5.0;
                TARGETED_DEVICE_FAMILY = "1,2";
			};
			name = Debug;
		};
		1AAPPBCONFRelease /* Release */ = {
			isa = XCBuildConfiguration;
			buildSettings = {
				ASSETCATALOG_COMPILER_GENERATE_SWIFT_ASSET_SYMBOL_EXTENSIONS = YES;
				CLANG_ENABLE_MODULES = YES;
				CLANG_ENABLE_OBJC_WEAK = YES;
				CLANG_WARN_BLOCK_CAPTURE_AUTORELEASING = YES;
				CLANG_WARN_BOOL_CONVERSION = YES;
				CLANG_WARN_COMMA = YES;
				CLANG_WARN_CONSTANT_CONVERSION = YES;
				CLANG_WARN_DEPRECATED_OBJC_IMPLEMENTATIONS = YES;
				CLANG_WARN_EMPTY_BODY = YES;
				CLANG_WARN_ENUM_CONVERSION = YES;
				CLANG_WARN_INFINITE_RECURSION = YES;
				CLANG_WARN_INT_CONVERSION = YES;
				CLANG_WARN_NON_LITERAL_NULL_CONVERSION = YES;
				CLANG_WARN_OBJC_IMPLICIT_RETAIN_SELF = YES;
				CLANG_WARN_OBJC_LITERAL_CONVERSION = YES;
				CLANG_WARN_QUOTED_INCLUDE_IN_FRAMEWORK_HEADER = YES;
				CLANG_WARN_RANGE_LOOP_ANALYSIS = YES;
				CLANG_WARN_STRICT_PROTOTYPES = YES;
				CLANG_WARN_SUSPICIOUS_MOVE = YES;
				CLANG_WARN_UNREACHABLE_CODE = YES;
				CLANG_WARN__DUPLICATE_METHOD_MATCH = YES;
				CODE_SIGN_IDENTITY = "Apple Development";
				CODE_SIGN_STYLE = Automatic;
				DEAD_CODE_STRIPPING = YES;
				DEVELOPMENT_TEAM = M4T239BM58;
				ENABLE_HARDENED_RUNTIME = YES;
				ENABLE_STRICT_OBJC_MSGSEND = YES;
				ENABLE_USER_SCRIPT_SANDBOXING = YES;
				GCC_NO_COMMON_BLOCKS = YES;
				GCC_WARN_64_TO_32_BIT_CONVERSION = YES;
				GCC_WARN_ABOUT_RETURN_TYPE = YES;
				GCC_WARN_UNDECLARED_SELECTOR = YES;
				GCC_WARN_UNINITIALIZED_AUTOS = YES;
				GCC_WARN_UNUSED_FUNCTION = YES;
				GCC_WARN_UNUSED_VARIABLE = YES;
				GENERATE_INFOPLIST_FILE = NO;
				INFOPLIST_FILE = RealityBadge/Info.plist;
				IPHONEOS_DEPLOYMENT_TARGET = 17.0;
				LD_RUNPATH_SEARCH_PATHS = (
					"$(inherited)",
					"@executable_path/Frameworks",
				);
				PRODUCT_BUNDLE_IDENTIFIER = com.example.RealityBadge;
				PRODUCT_NAME = RealityBadge;
				PROVISIONING_PROFILE_SPECIFIER = "";
				SDKROOT = iphoneos;
				SUPPORTED_PLATFORMS = "iphoneos iphonesimulator";
				SWIFT_COMPILATION_MODE = wholemodule;
				SWIFT_EMIT_LOC_STRINGS = YES;
				SWIFT_VERSION = 5.0;
                TARGETED_DEVICE_FAMILY = "1,2";
			};
			name = Release;
		};
/* End XCBuildConfiguration section */

/* Begin XCConfigurationList section */
		1AAPPBCONF /* Build configuration list for PBXProject "RealityBadge" */ = {
			isa = XCConfigurationList;
			buildConfigurations = (
				1AAPPBCONFDebug /* Debug */,
				1AAPPBCONFRelease /* Release */,
			);
			defaultConfigurationIsVisible = 0;
			defaultConfigurationName = Release;
		};
		1AAPPCONF /* Build configuration list for PBXNativeTarget "RealityBadge" */ = {
			isa = XCConfigurationList;
			buildConfigurations = (
				1AAPPBCONFDebug /* Debug */,
				1AAPPBCONFRelease /* Release */,
			);
			defaultConfigurationIsVisible = 0;
			defaultConfigurationName = Release;
		};
/* End XCConfigurationList section */
	};
	rootObject = 1AAPPPROJECT /* Project object */;
}
